<Solution>
  <Project Path="DotNet_Lab01_Core/Core.csproj" />
  <Project Path="old lab/DotNet_Lab01_ConsoleUI/ConsoleUI.csproj" />
  <Project Path="old lab/DotNet_Lab02_ConsoleUI/DotNet_Lab02_ConsoleUI.csproj" />
  <Project Path="old lab/DotNet_Lab_03_ConsoleUI/DotNet_Lab_03_ConsoleUI.csproj" />
  <Project Path="old lab/DotNet_Lab_4_ConsoleUI/DotNet_Lab_4_ConsoleUI.csproj" />
  <Project Path="test/test.csproj" />
</Solution>
